
Microsoft Visual Studio Solution File, Format Version 12.00
# Visual Studio Version 17
VisualStudioVersion = 17.0.31903.59
MinimumVisualStudioVersion = 10.0.40219.1
Project("{FAE04EC0-301F-11D3-BF4B-00C04F79EFBC}") = "Persistencia", "Persistencia\Persistencia.csproj", "{A6DB0529-2066-45A4-8EB4-E448E4273241}"
EndProject
Project("{FAE04EC0-301F-11D3-BF4B-00C04F79EFBC}") = "Dominio", "Dominio\Dominio.csproj", "{5F43869C-6B15-4862-8339-42817C7B11A2}"
EndProject
Project("{FAE04EC0-301F-11D3-BF4B-00C04F79EFBC}") = "Aplicacion", "Aplicacion\Aplicacion.csproj", "{3A1E7272-CE8A-40D7-82E6-077A6F69D48D}"
EndProject
Project("{FAE04EC0-301F-11D3-BF4B-00C04F79EFBC}") = "ApiFarmacia", "ApiFarmacia\ApiFarmacia.csproj", "{E7D3E443-EC03-4A9D-B98F-CAEADDFEFFF6}"
EndProject
Global
	GlobalSection(SolutionConfigurationPlatforms) = preSolution
		Debug|Any CPU = Debug|Any CPU
		Release|Any CPU = Release|Any CPU
	EndGlobalSection
	GlobalSection(SolutionProperties) = preSolution
		HideSolutionNode = FALSE
	EndGlobalSection
	GlobalSection(ProjectConfigurationPlatforms) = postSolution
		{A6DB0529-2066-45A4-8EB4-E448E4273241}.Debug|Any CPU.ActiveCfg = Debug|Any CPU
		{A6DB0529-2066-45A4-8EB4-E448E4273241}.Debug|Any CPU.Build.0 = Debug|Any CPU
		{A6DB0529-2066-45A4-8EB4-E448E4273241}.Release|Any CPU.ActiveCfg = Release|Any CPU
		{A6DB0529-2066-45A4-8EB4-E448E4273241}.Release|Any CPU.Build.0 = Release|Any CPU
		{5F43869C-6B15-4862-8339-42817C7B11A2}.Debug|Any CPU.ActiveCfg = Debug|Any CPU
		{5F43869C-6B15-4862-8339-42817C7B11A2}.Debug|Any CPU.Build.0 = Debug|Any CPU
		{5F43869C-6B15-4862-8339-42817C7B11A2}.Release|Any CPU.ActiveCfg = Release|Any CPU
		{5F43869C-6B15-4862-8339-42817C7B11A2}.Release|Any CPU.Build.0 = Release|Any CPU
		{3A1E7272-CE8A-40D7-82E6-077A6F69D48D}.Debug|Any CPU.ActiveCfg = Debug|Any CPU
		{3A1E7272-CE8A-40D7-82E6-077A6F69D48D}.Debug|Any CPU.Build.0 = Debug|Any CPU
		{3A1E7272-CE8A-40D7-82E6-077A6F69D48D}.Release|Any CPU.ActiveCfg = Release|Any CPU
		{3A1E7272-CE8A-40D7-82E6-077A6F69D48D}.Release|Any CPU.Build.0 = Release|Any CPU
		{E7D3E443-EC03-4A9D-B98F-CAEADDFEFFF6}.Debug|Any CPU.ActiveCfg = Debug|Any CPU
		{E7D3E443-EC03-4A9D-B98F-CAEADDFEFFF6}.Debug|Any CPU.Build.0 = Debug|Any CPU
		{E7D3E443-EC03-4A9D-B98F-CAEADDFEFFF6}.Release|Any CPU.ActiveCfg = Release|Any CPU
		{E7D3E443-EC03-4A9D-B98F-CAEADDFEFFF6}.Release|Any CPU.Build.0 = Release|Any CPU
	EndGlobalSection
EndGlobal
